
Microsoft Visual Studio Solution File, Format Version 12.00
Project("{FAE04EC0-301F-11D3-BF4B-00C04F79EFBC}") = "ChessBoardTask", "ChessBoardTask\ChessBoardTask.csproj", "{CDB55D3B-3032-4AC6-B555-5F85325D4419}"
EndProject
Project("{FAE04EC0-301F-11D3-BF4B-00C04F79EFBC}") = "Test", "Test\Test.csproj", "{0F72DF6A-FA87-49E6-8EF7-692E3E3BF21B}"
EndProject
Global
	GlobalSection(SolutionConfigurationPlatforms) = preSolution
		Debug|Any CPU = Debug|Any CPU
		Release|Any CPU = Release|Any CPU
	EndGlobalSection
	GlobalSection(ProjectConfigurationPlatforms) = postSolution
		{CDB55D3B-3032-4AC6-B555-5F85325D4419}.Debug|Any CPU.ActiveCfg = Debug|Any CPU
		{CDB55D3B-3032-4AC6-B555-5F85325D4419}.Debug|Any CPU.Build.0 = Debug|Any CPU
		{CDB55D3B-3032-4AC6-B555-5F85325D4419}.Release|Any CPU.ActiveCfg = Release|Any CPU
		{CDB55D3B-3032-4AC6-B555-5F85325D4419}.Release|Any CPU.Build.0 = Release|Any CPU
		{0F72DF6A-FA87-49E6-8EF7-692E3E3BF21B}.Debug|Any CPU.ActiveCfg = Debug|Any CPU
		{0F72DF6A-FA87-49E6-8EF7-692E3E3BF21B}.Debug|Any CPU.Build.0 = Debug|Any CPU
		{0F72DF6A-FA87-49E6-8EF7-692E3E3BF21B}.Release|Any CPU.ActiveCfg = Release|Any CPU
		{0F72DF6A-FA87-49E6-8EF7-692E3E3BF21B}.Release|Any CPU.Build.0 = Release|Any CPU
	EndGlobalSection
EndGlobal
